<?xml version="1.0" encoding="utf-8"?>
<Project ToolsVersion="4.0" xmlns="http://schemas.microsoft.com/developer/msbuild/2003">
  <ItemGroup>
    <Filter Include="Archivos de origen">
      <UniqueIdentifier>{4FC737F1-C7A5-4376-A066-2A32D752A2FF}</UniqueIdentifier>
      <Extensions>cpp;c;cc;cxx;c++;def;odl;idl;hpj;bat;asm;asmx</Extensions>
    </Filter>
    <Filter Include="Archivos de encabezado">
      <UniqueIdentifier>{93995380-89BD-4b04-88EB-625FBE52EBFB}</UniqueIdentifier>
      <Extensions>h;hh;hpp;hxx;h++;hm;inl;inc;ipp;xsd</Extensions>
    </Filter>
    <Filter Include="Archivos de recursos">
      <UniqueIdentifier>{67DA6AB6-F800-4c08-8B7A-83BB121AAD01}</UniqueIdentifier>
      <Extensions>rc;ico;cur;bmp;dlg;rc2;rct;bin;rgs;gif;jpg;jpeg;jpe;resx;tiff;tif;png;wav;mfcribbon-ms</Extensions>
    </Filter>
  </ItemGroup>
  <ItemGroup>
    <ClCompile Include="principal.cpp">
      <Filter>Archivos de origen</Filter>
    </ClCompile>
    <ClCompile Include="Entidad.cpp">
      <Filter>Archivos de origen</Filter>
    </ClCompile>
    <ClCompile Include="Jugador.cpp">
      <Filter>Archivos de origen</Filter>
    </ClCompile>
    <ClCompile Include="Enemigo.cpp">
      <Filter>Archivos de origen</Filter>
    </ClCompile>
    <ClCompile Include="Mapa.cpp">
      <Filter>Archivos de origen</Filter>
    </ClCompile>
    <ClCompile Include="Naturaleza.cpp">
      <Filter>Archivos de origen</Filter>
    </ClCompile>
    <ClCompile Include="Animacion.cpp">
      <Filter>Archivos de origen</Filter>
    </ClCompile>
    <ClCompile Include="Controller.cpp">
      <Filter>Archivos de origen</Filter>
    </ClCompile>
    <ClCompile Include="Cofre.cpp">
      <Filter>Archivos de origen</Filter>
    </ClCompile>
  </ItemGroup>
  <ItemGroup>
    <ClInclude Include="Entidad.h">
      <Filter>Archivos de encabezado</Filter>
    </ClInclude>
    <ClInclude Include="Jugador.h">
      <Filter>Archivos de encabezado</Filter>
    </ClInclude>
    <ClInclude Include="Enemigo.h">
      <Filter>Archivos de encabezado</Filter>
    </ClInclude>
    <ClInclude Include="Naturaleza.h">
      <Filter>Archivos de encabezado</Filter>
    </ClInclude>
    <ClInclude Include="Mapa.h">
      <Filter>Archivos de encabezado</Filter>
    </ClInclude>
    <ClInclude Include="Animacion.h">
      <Filter>Archivos de encabezado</Filter>
    </ClInclude>
    <ClInclude Include="Controller.h">
      <Filter>Archivos de encabezado</Filter>
    </ClInclude>
    <ClInclude Include="Cofre.h">
      <Filter>Archivos de encabezado</Filter>
    </ClInclude>
  </ItemGroup>
  <ItemGroup>
    <Image Include="recursos\adoquin.png">
      <Filter>Archivos de recursos</Filter>
    </Image>
    <Image Include="recursos\arbol.png">
      <Filter>Archivos de recursos</Filter>
    </Image>
    <Image Include="recursos\arena.png">
      <Filter>Archivos de recursos</Filter>
    </Image>
    <Image Include="recursos\espectro.png">
      <Filter>Archivos de recursos</Filter>
    </Image>
    <Image Include="recursos\esqueleto.png">
      <Filter>Archivos de recursos</Filter>
    </Image>
    <Image Include="recursos\grass.png">
      <Filter>Archivos de recursos</Filter>
    </Image>
    <Image Include="recursos\monte.png">
      <Filter>Archivos de recursos</Filter>
    </Image>
    <Image Include="recursos\orco.png">
      <Filter>Archivos de recursos</Filter>
    </Image>
    <Image Include="recursos\persona1.png">
      <Filter>Archivos de recursos</Filter>
    </Image>
    <Image Include="recursos\piedra.png">
      <Filter>Archivos de recursos</Filter>
    </Image>
    <Image Include="recursos\roca.png">
      <Filter>Archivos de recursos</Filter>
    </Image>
    <Image Include="recursos\segador.png">
      <Filter>Archivos de recursos</Filter>
    </Image>
    <Image Include="recursos\tierra.png">
      <Filter>Archivos de recursos</Filter>
    </Image>
    <Image Include="recursos\murcielago.png">
      <Filter>Archivos de recursos</Filter>
    </Image>
    <Image Include="recursos\sword.png">
      <Filter>Archivos de recursos</Filter>
    </Image>
    <Image Include="recursos\chests_sprite.png">
      <Filter>Archivos de recursos</Filter>
    </Image>
  </ItemGroup>
</Project>